// !$*UTF8*$!
{
	archiveVersion = 1;
	classes = {
	};
	objectVersion = 56;
	objects = {

/* Begin PBXBuildFile section */
		1403FB962BF54B01008E10DD /* ButtonStandard.swift in Sources */ = {isa = PBXBuildFile; fileRef = 1403FB952BF54B01008E10DD /* ButtonStandard.swift */; };
		143A758A2BFD205A00AB8029 /* UICompText.swift in Sources */ = {isa = PBXBuildFile; fileRef = 143A75892BFD205A00AB8029 /* UICompText.swift */; };
		143A758C2BFD229700AB8029 /* UICompImage.swift in Sources */ = {isa = PBXBuildFile; fileRef = 143A758B2BFD229700AB8029 /* UICompImage.swift */; };
		143A758E2BFD298500AB8029 /* UICompHeader.swift in Sources */ = {isa = PBXBuildFile; fileRef = 143A758D2BFD298500AB8029 /* UICompHeader.swift */; };
		143A75902BFD2E2F00AB8029 /* UICompSegPicker.swift in Sources */ = {isa = PBXBuildFile; fileRef = 143A758F2BFD2E2F00AB8029 /* UICompSegPicker.swift */; };
		143A75922BFE843700AB8029 /* UICompNextLesson.swift in Sources */ = {isa = PBXBuildFile; fileRef = 143A75912BFE843700AB8029 /* UICompNextLesson.swift */; };
		144C52872BF904EF006C14EC /* AppController.swift in Sources */ = {isa = PBXBuildFile; fileRef = 144C52862BF904EF006C14EC /* AppController.swift */; };
		144C52892BF90B0D006C14EC /* Lesson010.swift in Sources */ = {isa = PBXBuildFile; fileRef = 144C52882BF90B0D006C14EC /* Lesson010.swift */; };
		144C528C2BF90DE5006C14EC /* Lesson020.swift in Sources */ = {isa = PBXBuildFile; fileRef = 144C528B2BF90DE5006C14EC /* Lesson020.swift */; };
		144C528E2BF90DF0006C14EC /* Lesson030.swift in Sources */ = {isa = PBXBuildFile; fileRef = 144C528D2BF90DF0006C14EC /* Lesson030.swift */; };
		144C52902BF92D96006C14EC /* LessonItem.swift in Sources */ = {isa = PBXBuildFile; fileRef = 144C528F2BF92D96006C14EC /* LessonItem.swift */; };
		144C52922BF938DD006C14EC /* Lesson040.swift in Sources */ = {isa = PBXBuildFile; fileRef = 144C52912BF938DD006C14EC /* Lesson040.swift */; };
		144C52942BF938E5006C14EC /* Lesson050.swift in Sources */ = {isa = PBXBuildFile; fileRef = 144C52932BF938E5006C14EC /* Lesson050.swift */; };
		144C52962BF938EE006C14EC /* Lesson060.swift in Sources */ = {isa = PBXBuildFile; fileRef = 144C52952BF938EE006C14EC /* Lesson060.swift */; };
		144C52982BF938F8006C14EC /* Lesson070.swift in Sources */ = {isa = PBXBuildFile; fileRef = 144C52972BF938F8006C14EC /* Lesson070.swift */; };
		144C529A2BF93907006C14EC /* Lesson080.swift in Sources */ = {isa = PBXBuildFile; fileRef = 144C52992BF93907006C14EC /* Lesson080.swift */; };
		144C529C2BF9390F006C14EC /* Lesson090.swift in Sources */ = {isa = PBXBuildFile; fileRef = 144C529B2BF9390F006C14EC /* Lesson090.swift */; };
		144C529E2BFA8834006C14EC /* Module.swift in Sources */ = {isa = PBXBuildFile; fileRef = 144C529D2BFA8834006C14EC /* Module.swift */; };
		14A80C4D2B055683009F46C9 /* WeightWeekViewChartView.swift in Sources */ = {isa = PBXBuildFile; fileRef = 14A80C4C2B055683009F46C9 /* WeightWeekViewChartView.swift */; };
		14A80C4F2B05E895009F46C9 /* WeighInDataView.swift in Sources */ = {isa = PBXBuildFile; fileRef = 14A80C4E2B05E895009F46C9 /* WeighInDataView.swift */; };
		14AD6EE12B03EA6D005DE26E /* ProtocolN24App.swift in Sources */ = {isa = PBXBuildFile; fileRef = 14AD6EE02B03EA6D005DE26E /* ProtocolN24App.swift */; };
		14AD6EE32B03EA6D005DE26E /* ContentView.swift in Sources */ = {isa = PBXBuildFile; fileRef = 14AD6EE22B03EA6D005DE26E /* ContentView.swift */; };
		14AD6EE52B03EA6F005DE26E /* Assets.xcassets in Resources */ = {isa = PBXBuildFile; fileRef = 14AD6EE42B03EA6F005DE26E /* Assets.xcassets */; };
		14AD6EE82B03EA6F005DE26E /* Preview Assets.xcassets in Resources */ = {isa = PBXBuildFile; fileRef = 14AD6EE72B03EA6F005DE26E /* Preview Assets.xcassets */; };
		14AD6EF22B03EA6F005DE26E /* ProtocolN24Tests.swift in Sources */ = {isa = PBXBuildFile; fileRef = 14AD6EF12B03EA6F005DE26E /* ProtocolN24Tests.swift */; };
		14AD6EFC2B03EA6F005DE26E /* ProtocolN24UITests.swift in Sources */ = {isa = PBXBuildFile; fileRef = 14AD6EFB2B03EA6F005DE26E /* ProtocolN24UITests.swift */; };
		14AD6EFE2B03EA6F005DE26E /* ProtocolN24UITestsLaunchTests.swift in Sources */ = {isa = PBXBuildFile; fileRef = 14AD6EFD2B03EA6F005DE26E /* ProtocolN24UITestsLaunchTests.swift */; };
		14AD6F0B2B03ED52005DE26E /* LearnView.swift in Sources */ = {isa = PBXBuildFile; fileRef = 14AD6F0A2B03ED52005DE26E /* LearnView.swift */; };
		14AD6F0D2B03ED67005DE26E /* WeighInsView.swift in Sources */ = {isa = PBXBuildFile; fileRef = 14AD6F0C2B03ED67005DE26E /* WeighInsView.swift */; };
		14AD6F102B03F82C005DE26E /* WeighIn.swift in Sources */ = {isa = PBXBuildFile; fileRef = 14AD6F0F2B03F82C005DE26E /* WeighIn.swift */; };
		14AD6F132B03F84F005DE26E /* WeighWeek.swift in Sources */ = {isa = PBXBuildFile; fileRef = 14AD6F122B03F84F005DE26E /* WeighWeek.swift */; };
		14B5E5222BF695A4006861A7 /* Lesson.swift in Sources */ = {isa = PBXBuildFile; fileRef = 14B5E5212BF695A4006861A7 /* Lesson.swift */; };
		14B5E5242BF69857006861A7 /* LessonView.swift in Sources */ = {isa = PBXBuildFile; fileRef = 14B5E5232BF69857006861A7 /* LessonView.swift */; };
		14D085512B0737020037079F /* Data.swift in Sources */ = {isa = PBXBuildFile; fileRef = 14D085502B0737020037079F /* Data.swift */; };
		14D085532B073AA70037079F /* SeriesChartView.swift in Sources */ = {isa = PBXBuildFile; fileRef = 14D085522B073AA70037079F /* SeriesChartView.swift */; };
		14EC26BB2B0A627F00CAA9B4 /* CircleImage.swift in Sources */ = {isa = PBXBuildFile; fileRef = 14EC26BA2B0A627F00CAA9B4 /* CircleImage.swift */; };
		14EC26BD2B0A824D00CAA9B4 /* Week4ChartView.swift in Sources */ = {isa = PBXBuildFile; fileRef = 14EC26BC2B0A824D00CAA9B4 /* Week4ChartView.swift */; };
/* End PBXBuildFile section */

/* Begin PBXContainerItemProxy section */
		14AD6EEE2B03EA6F005DE26E /* PBXContainerItemProxy */ = {
			isa = PBXContainerItemProxy;
			containerPortal = 14AD6ED52B03EA6D005DE26E /* Project object */;
			proxyType = 1;
			remoteGlobalIDString = 14AD6EDC2B03EA6D005DE26E;
			remoteInfo = ProtocolN24;
		};
		14AD6EF82B03EA6F005DE26E /* PBXContainerItemProxy */ = {
			isa = PBXContainerItemProxy;
			containerPortal = 14AD6ED52B03EA6D005DE26E /* Project object */;
			proxyType = 1;
			remoteGlobalIDString = 14AD6EDC2B03EA6D005DE26E;
			remoteInfo = ProtocolN24;
		};
/* End PBXContainerItemProxy section */

/* Begin PBXFileReference section */
		1403FB952BF54B01008E10DD /* ButtonStandard.swift */ = {isa = PBXFileReference; lastKnownFileType = sourcecode.swift; path = ButtonStandard.swift; sourceTree = "<group>"; };
		143A75892BFD205A00AB8029 /* UICompText.swift */ = {isa = PBXFileReference; lastKnownFileType = sourcecode.swift; path = UICompText.swift; sourceTree = "<group>"; };
		143A758B2BFD229700AB8029 /* UICompImage.swift */ = {isa = PBXFileReference; lastKnownFileType = sourcecode.swift; path = UICompImage.swift; sourceTree = "<group>"; };
		143A758D2BFD298500AB8029 /* UICompHeader.swift */ = {isa = PBXFileReference; lastKnownFileType = sourcecode.swift; path = UICompHeader.swift; sourceTree = "<group>"; };
		143A758F2BFD2E2F00AB8029 /* UICompSegPicker.swift */ = {isa = PBXFileReference; lastKnownFileType = sourcecode.swift; path = UICompSegPicker.swift; sourceTree = "<group>"; };
		143A75912BFE843700AB8029 /* UICompNextLesson.swift */ = {isa = PBXFileReference; lastKnownFileType = sourcecode.swift; path = UICompNextLesson.swift; sourceTree = "<group>"; };
		144C52862BF904EF006C14EC /* AppController.swift */ = {isa = PBXFileReference; lastKnownFileType = sourcecode.swift; path = AppController.swift; sourceTree = "<group>"; };
		144C52882BF90B0D006C14EC /* Lesson010.swift */ = {isa = PBXFileReference; lastKnownFileType = sourcecode.swift; path = Lesson010.swift; sourceTree = "<group>"; };
		144C528B2BF90DE5006C14EC /* Lesson020.swift */ = {isa = PBXFileReference; lastKnownFileType = sourcecode.swift; path = Lesson020.swift; sourceTree = "<group>"; };
		144C528D2BF90DF0006C14EC /* Lesson030.swift */ = {isa = PBXFileReference; lastKnownFileType = sourcecode.swift; path = Lesson030.swift; sourceTree = "<group>"; };
		144C528F2BF92D96006C14EC /* LessonItem.swift */ = {isa = PBXFileReference; lastKnownFileType = sourcecode.swift; path = LessonItem.swift; sourceTree = "<group>"; };
		144C52912BF938DD006C14EC /* Lesson040.swift */ = {isa = PBXFileReference; lastKnownFileType = sourcecode.swift; path = Lesson040.swift; sourceTree = "<group>"; };
		144C52932BF938E5006C14EC /* Lesson050.swift */ = {isa = PBXFileReference; lastKnownFileType = sourcecode.swift; path = Lesson050.swift; sourceTree = "<group>"; };
		144C52952BF938EE006C14EC /* Lesson060.swift */ = {isa = PBXFileReference; lastKnownFileType = sourcecode.swift; path = Lesson060.swift; sourceTree = "<group>"; };
		144C52972BF938F8006C14EC /* Lesson070.swift */ = {isa = PBXFileReference; lastKnownFileType = sourcecode.swift; path = Lesson070.swift; sourceTree = "<group>"; };
		144C52992BF93907006C14EC /* Lesson080.swift */ = {isa = PBXFileReference; lastKnownFileType = sourcecode.swift; path = Lesson080.swift; sourceTree = "<group>"; };
		144C529B2BF9390F006C14EC /* Lesson090.swift */ = {isa = PBXFileReference; lastKnownFileType = sourcecode.swift; path = Lesson090.swift; sourceTree = "<group>"; };
		144C529D2BFA8834006C14EC /* Module.swift */ = {isa = PBXFileReference; lastKnownFileType = sourcecode.swift; path = Module.swift; sourceTree = "<group>"; };
		14A80C4C2B055683009F46C9 /* WeightWeekViewChartView.swift */ = {isa = PBXFileReference; lastKnownFileType = sourcecode.swift; path = WeightWeekViewChartView.swift; sourceTree = "<group>"; };
		14A80C4E2B05E895009F46C9 /* WeighInDataView.swift */ = {isa = PBXFileReference; lastKnownFileType = sourcecode.swift; path = WeighInDataView.swift; sourceTree = "<group>"; };
		14AD6EDD2B03EA6D005DE26E /* ProtocolN24.app */ = {isa = PBXFileReference; explicitFileType = wrapper.application; includeInIndex = 0; path = ProtocolN24.app; sourceTree = BUILT_PRODUCTS_DIR; };
		14AD6EE02B03EA6D005DE26E /* ProtocolN24App.swift */ = {isa = PBXFileReference; lastKnownFileType = sourcecode.swift; path = ProtocolN24App.swift; sourceTree = "<group>"; };
		14AD6EE22B03EA6D005DE26E /* ContentView.swift */ = {isa = PBXFileReference; lastKnownFileType = sourcecode.swift; path = ContentView.swift; sourceTree = "<group>"; };
		14AD6EE42B03EA6F005DE26E /* Assets.xcassets */ = {isa = PBXFileReference; lastKnownFileType = folder.assetcatalog; path = Assets.xcassets; sourceTree = "<group>"; };
		14AD6EE72B03EA6F005DE26E /* Preview Assets.xcassets */ = {isa = PBXFileReference; lastKnownFileType = folder.assetcatalog; path = "Preview Assets.xcassets"; sourceTree = "<group>"; };
		14AD6EED2B03EA6F005DE26E /* ProtocolN24Tests.xctest */ = {isa = PBXFileReference; explicitFileType = wrapper.cfbundle; includeInIndex = 0; path = ProtocolN24Tests.xctest; sourceTree = BUILT_PRODUCTS_DIR; };
		14AD6EF12B03EA6F005DE26E /* ProtocolN24Tests.swift */ = {isa = PBXFileReference; lastKnownFileType = sourcecode.swift; path = ProtocolN24Tests.swift; sourceTree = "<group>"; };
		14AD6EF72B03EA6F005DE26E /* ProtocolN24UITests.xctest */ = {isa = PBXFileReference; explicitFileType = wrapper.cfbundle; includeInIndex = 0; path = ProtocolN24UITests.xctest; sourceTree = BUILT_PRODUCTS_DIR; };
		14AD6EFB2B03EA6F005DE26E /* ProtocolN24UITests.swift */ = {isa = PBXFileReference; lastKnownFileType = sourcecode.swift; path = ProtocolN24UITests.swift; sourceTree = "<group>"; };
		14AD6EFD2B03EA6F005DE26E /* ProtocolN24UITestsLaunchTests.swift */ = {isa = PBXFileReference; lastKnownFileType = sourcecode.swift; path = ProtocolN24UITestsLaunchTests.swift; sourceTree = "<group>"; };
		14AD6F0A2B03ED52005DE26E /* LearnView.swift */ = {isa = PBXFileReference; lastKnownFileType = sourcecode.swift; path = LearnView.swift; sourceTree = "<group>"; };
		14AD6F0C2B03ED67005DE26E /* WeighInsView.swift */ = {isa = PBXFileReference; lastKnownFileType = sourcecode.swift; path = WeighInsView.swift; sourceTree = "<group>"; };
		14AD6F0F2B03F82C005DE26E /* WeighIn.swift */ = {isa = PBXFileReference; lastKnownFileType = sourcecode.swift; path = WeighIn.swift; sourceTree = "<group>"; };
		14AD6F122B03F84F005DE26E /* WeighWeek.swift */ = {isa = PBXFileReference; lastKnownFileType = sourcecode.swift; path = WeighWeek.swift; sourceTree = "<group>"; };
		14B5E5212BF695A4006861A7 /* Lesson.swift */ = {isa = PBXFileReference; lastKnownFileType = sourcecode.swift; path = Lesson.swift; sourceTree = "<group>"; };
		14B5E5232BF69857006861A7 /* LessonView.swift */ = {isa = PBXFileReference; lastKnownFileType = sourcecode.swift; path = LessonView.swift; sourceTree = "<group>"; };
		14D085502B0737020037079F /* Data.swift */ = {isa = PBXFileReference; lastKnownFileType = sourcecode.swift; path = Data.swift; sourceTree = "<group>"; };
		14D085522B073AA70037079F /* SeriesChartView.swift */ = {isa = PBXFileReference; lastKnownFileType = sourcecode.swift; path = SeriesChartView.swift; sourceTree = "<group>"; };
		14EC26BA2B0A627F00CAA9B4 /* CircleImage.swift */ = {isa = PBXFileReference; lastKnownFileType = sourcecode.swift; path = CircleImage.swift; sourceTree = "<group>"; };
		14EC26BC2B0A824D00CAA9B4 /* Week4ChartView.swift */ = {isa = PBXFileReference; lastKnownFileType = sourcecode.swift; path = Week4ChartView.swift; sourceTree = "<group>"; };
/* End PBXFileReference section */

/* Begin PBXFrameworksBuildPhase section */
		14AD6EDA2B03EA6D005DE26E /* Frameworks */ = {
			isa = PBXFrameworksBuildPhase;
			buildActionMask = 2147483647;
			files = (
			);
			runOnlyForDeploymentPostprocessing = 0;
		};
		14AD6EEA2B03EA6F005DE26E /* Frameworks */ = {
			isa = PBXFrameworksBuildPhase;
			buildActionMask = 2147483647;
			files = (
			);
			runOnlyForDeploymentPostprocessing = 0;
		};
		14AD6EF42B03EA6F005DE26E /* Frameworks */ = {
			isa = PBXFrameworksBuildPhase;
			buildActionMask = 2147483647;
			files = (
			);
			runOnlyForDeploymentPostprocessing = 0;
		};
/* End PBXFrameworksBuildPhase section */

/* Begin PBXGroup section */
		143A75882BFD201D00AB8029 /* LessonComponents */ = {
			isa = PBXGroup;
			children = (
				143A758D2BFD298500AB8029 /* UICompHeader.swift */,
				143A758B2BFD229700AB8029 /* UICompImage.swift */,
				143A75912BFE843700AB8029 /* UICompNextLesson.swift */,
				143A758F2BFD2E2F00AB8029 /* UICompSegPicker.swift */,
				143A75892BFD205A00AB8029 /* UICompText.swift */,
			);
			path = LessonComponents;
			sourceTree = "<group>";
		};
		144C52852BF904DC006C14EC /* Controllers */ = {
			isa = PBXGroup;
			children = (
				144C52862BF904EF006C14EC /* AppController.swift */,
			);
			path = Controllers;
			sourceTree = "<group>";
		};
		144C528A2BF90B1B006C14EC /* Lessons */ = {
			isa = PBXGroup;
			children = (
				144C52882BF90B0D006C14EC /* Lesson010.swift */,
				144C528B2BF90DE5006C14EC /* Lesson020.swift */,
				144C528D2BF90DF0006C14EC /* Lesson030.swift */,
				144C52912BF938DD006C14EC /* Lesson040.swift */,
				144C52932BF938E5006C14EC /* Lesson050.swift */,
				144C52952BF938EE006C14EC /* Lesson060.swift */,
				144C52972BF938F8006C14EC /* Lesson070.swift */,
				144C52992BF93907006C14EC /* Lesson080.swift */,
				144C529B2BF9390F006C14EC /* Lesson090.swift */,
			);
			path = Lessons;
			sourceTree = "<group>";
		};
		14A80C492B055381009F46C9 /* Charts */ = {
			isa = PBXGroup;
			children = (
				14A80C4C2B055683009F46C9 /* WeightWeekViewChartView.swift */,
				14D085502B0737020037079F /* Data.swift */,
			);
			path = Charts;
			sourceTree = "<group>";
		};
		14AD6ED42B03EA6D005DE26E = {
			isa = PBXGroup;
			children = (
				14AD6EDF2B03EA6D005DE26E /* ProtocolN24 */,
				14AD6EF02B03EA6F005DE26E /* ProtocolN24Tests */,
				14AD6EFA2B03EA6F005DE26E /* ProtocolN24UITests */,
				14AD6EDE2B03EA6D005DE26E /* Products */,
			);
			sourceTree = "<group>";
		};
		14AD6EDE2B03EA6D005DE26E /* Products */ = {
			isa = PBXGroup;
			children = (
				14AD6EDD2B03EA6D005DE26E /* ProtocolN24.app */,
				14AD6EED2B03EA6F005DE26E /* ProtocolN24Tests.xctest */,
				14AD6EF72B03EA6F005DE26E /* ProtocolN24UITests.xctest */,
			);
			name = Products;
			sourceTree = "<group>";
		};
		14AD6EDF2B03EA6D005DE26E /* ProtocolN24 */ = {
			isa = PBXGroup;
			children = (
				14AD6EE02B03EA6D005DE26E /* ProtocolN24App.swift */,
				14AD6EE22B03EA6D005DE26E /* ContentView.swift */,
				144C52852BF904DC006C14EC /* Controllers */,
				144C528A2BF90B1B006C14EC /* Lessons */,
				14AD6F112B03F832005DE26E /* Models */,
				14AD6F0E2B03F7C7005DE26E /* Views */,
				14AD6EE42B03EA6F005DE26E /* Assets.xcassets */,
				14AD6EE62B03EA6F005DE26E /* Preview Content */,
			);
			path = ProtocolN24;
			sourceTree = "<group>";
		};
		14AD6EE62B03EA6F005DE26E /* Preview Content */ = {
			isa = PBXGroup;
			children = (
				14AD6EE72B03EA6F005DE26E /* Preview Assets.xcassets */,
			);
			path = "Preview Content";
			sourceTree = "<group>";
		};
		14AD6EF02B03EA6F005DE26E /* ProtocolN24Tests */ = {
			isa = PBXGroup;
			children = (
				14AD6EF12B03EA6F005DE26E /* ProtocolN24Tests.swift */,
			);
			path = ProtocolN24Tests;
			sourceTree = "<group>";
		};
		14AD6EFA2B03EA6F005DE26E /* ProtocolN24UITests */ = {
			isa = PBXGroup;
			children = (
				14AD6EFB2B03EA6F005DE26E /* ProtocolN24UITests.swift */,
				14AD6EFD2B03EA6F005DE26E /* ProtocolN24UITestsLaunchTests.swift */,
			);
			path = ProtocolN24UITests;
			sourceTree = "<group>";
		};
		14AD6F0E2B03F7C7005DE26E /* Views */ = {
			isa = PBXGroup;
			children = (
				14EC26B92B0A626B00CAA9B4 /* Helpers */,
				14EC26AF2B0A5B3400CAA9B4 /* WeighIns */,
				14EC26B02B0A5B4000CAA9B4 /* Learn */,
				14A80C492B055381009F46C9 /* Charts */,
			);
			path = Views;
			sourceTree = "<group>";
		};
		14AD6F112B03F832005DE26E /* Models */ = {
			isa = PBXGroup;
			children = (
				14B5E5212BF695A4006861A7 /* Lesson.swift */,
				144C529D2BFA8834006C14EC /* Module.swift */,
				14AD6F122B03F84F005DE26E /* WeighWeek.swift */,
				14AD6F0F2B03F82C005DE26E /* WeighIn.swift */,
			);
			path = Models;
			sourceTree = "<group>";
		};
		14EC26AF2B0A5B3400CAA9B4 /* WeighIns */ = {
			isa = PBXGroup;
			children = (
				14AD6F0C2B03ED67005DE26E /* WeighInsView.swift */,
				14EC26BC2B0A824D00CAA9B4 /* Week4ChartView.swift */,
				14A80C4E2B05E895009F46C9 /* WeighInDataView.swift */,
				14D085522B073AA70037079F /* SeriesChartView.swift */,
			);
			path = WeighIns;
			sourceTree = "<group>";
		};
		14EC26B02B0A5B4000CAA9B4 /* Learn */ = {
			isa = PBXGroup;
			children = (
				14AD6F0A2B03ED52005DE26E /* LearnView.swift */,
				14B5E5232BF69857006861A7 /* LessonView.swift */,
				143A75882BFD201D00AB8029 /* LessonComponents */,
				144C528F2BF92D96006C14EC /* LessonItem.swift */,
			);
			path = Learn;
			sourceTree = "<group>";
		};
		14EC26B92B0A626B00CAA9B4 /* Helpers */ = {
			isa = PBXGroup;
			children = (
				14EC26BA2B0A627F00CAA9B4 /* CircleImage.swift */,
				1403FB952BF54B01008E10DD /* ButtonStandard.swift */,
			);
			path = Helpers;
			sourceTree = "<group>";
		};
/* End PBXGroup section */

/* Begin PBXNativeTarget section */
		14AD6EDC2B03EA6D005DE26E /* ProtocolN24 */ = {
			isa = PBXNativeTarget;
			buildConfigurationList = 14AD6F012B03EA6F005DE26E /* Build configuration list for PBXNativeTarget "ProtocolN24" */;
			buildPhases = (
				14AD6ED92B03EA6D005DE26E /* Sources */,
				14AD6EDA2B03EA6D005DE26E /* Frameworks */,
				14AD6EDB2B03EA6D005DE26E /* Resources */,
			);
			buildRules = (
			);
			dependencies = (
			);
			name = ProtocolN24;
			productName = ProtocolN24;
			productReference = 14AD6EDD2B03EA6D005DE26E /* ProtocolN24.app */;
			productType = "com.apple.product-type.application";
		};
		14AD6EEC2B03EA6F005DE26E /* ProtocolN24Tests */ = {
			isa = PBXNativeTarget;
			buildConfigurationList = 14AD6F042B03EA6F005DE26E /* Build configuration list for PBXNativeTarget "ProtocolN24Tests" */;
			buildPhases = (
				14AD6EE92B03EA6F005DE26E /* Sources */,
				14AD6EEA2B03EA6F005DE26E /* Frameworks */,
				14AD6EEB2B03EA6F005DE26E /* Resources */,
			);
			buildRules = (
			);
			dependencies = (
				14AD6EEF2B03EA6F005DE26E /* PBXTargetDependency */,
			);
			name = ProtocolN24Tests;
			productName = ProtocolN24Tests;
			productReference = 14AD6EED2B03EA6F005DE26E /* ProtocolN24Tests.xctest */;
			productType = "com.apple.product-type.bundle.unit-test";
		};
		14AD6EF62B03EA6F005DE26E /* ProtocolN24UITests */ = {
			isa = PBXNativeTarget;
			buildConfigurationList = 14AD6F072B03EA6F005DE26E /* Build configuration list for PBXNativeTarget "ProtocolN24UITests" */;
			buildPhases = (
				14AD6EF32B03EA6F005DE26E /* Sources */,
				14AD6EF42B03EA6F005DE26E /* Frameworks */,
				14AD6EF52B03EA6F005DE26E /* Resources */,
			);
			buildRules = (
			);
			dependencies = (
				14AD6EF92B03EA6F005DE26E /* PBXTargetDependency */,
			);
			name = ProtocolN24UITests;
			productName = ProtocolN24UITests;
			productReference = 14AD6EF72B03EA6F005DE26E /* ProtocolN24UITests.xctest */;
			productType = "com.apple.product-type.bundle.ui-testing";
		};
/* End PBXNativeTarget section */

/* Begin PBXProject section */
		14AD6ED52B03EA6D005DE26E /* Project object */ = {
			isa = PBXProject;
			attributes = {
				BuildIndependentTargetsInParallel = 1;
				LastSwiftUpdateCheck = 1500;
				LastUpgradeCheck = 1500;
				TargetAttributes = {
					14AD6EDC2B03EA6D005DE26E = {
						CreatedOnToolsVersion = 15.0.1;
					};
					14AD6EEC2B03EA6F005DE26E = {
						CreatedOnToolsVersion = 15.0.1;
						TestTargetID = 14AD6EDC2B03EA6D005DE26E;
					};
					14AD6EF62B03EA6F005DE26E = {
						CreatedOnToolsVersion = 15.0.1;
						TestTargetID = 14AD6EDC2B03EA6D005DE26E;
					};
				};
			};
			buildConfigurationList = 14AD6ED82B03EA6D005DE26E /* Build configuration list for PBXProject "ProtocolN24" */;
			compatibilityVersion = "Xcode 14.0";
			developmentRegion = en;
			hasScannedForEncodings = 0;
			knownRegions = (
				en,
				Base,
			);
			mainGroup = 14AD6ED42B03EA6D005DE26E;
			productRefGroup = 14AD6EDE2B03EA6D005DE26E /* Products */;
			projectDirPath = "";
			projectRoot = "";
			targets = (
				14AD6EDC2B03EA6D005DE26E /* ProtocolN24 */,
				14AD6EEC2B03EA6F005DE26E /* ProtocolN24Tests */,
				14AD6EF62B03EA6F005DE26E /* ProtocolN24UITests */,
			);
		};
/* End PBXProject section */

/* Begin PBXResourcesBuildPhase section */
		14AD6EDB2B03EA6D005DE26E /* Resources */ = {
			isa = PBXResourcesBuildPhase;
			buildActionMask = 2147483647;
			files = (
				14AD6EE82B03EA6F005DE26E /* Preview Assets.xcassets in Resources */,
				14AD6EE52B03EA6F005DE26E /* Assets.xcassets in Resources */,
			);
			runOnlyForDeploymentPostprocessing = 0;
		};
		14AD6EEB2B03EA6F005DE26E /* Resources */ = {
			isa = PBXResourcesBuildPhase;
			buildActionMask = 2147483647;
			files = (
			);
			runOnlyForDeploymentPostprocessing = 0;
		};
		14AD6EF52B03EA6F005DE26E /* Resources */ = {
			isa = PBXResourcesBuildPhase;
			buildActionMask = 2147483647;
			files = (
			);
			runOnlyForDeploymentPostprocessing = 0;
		};
/* End PBXResourcesBuildPhase section */

/* Begin PBXSourcesBuildPhase section */
		14AD6ED92B03EA6D005DE26E /* Sources */ = {
			isa = PBXSourcesBuildPhase;
			buildActionMask = 2147483647;
			files = (
				14A80C4F2B05E895009F46C9 /* WeighInDataView.swift in Sources */,
				144C529C2BF9390F006C14EC /* Lesson090.swift in Sources */,
				144C529E2BFA8834006C14EC /* Module.swift in Sources */,
				14AD6EE32B03EA6D005DE26E /* ContentView.swift in Sources */,
				144C52922BF938DD006C14EC /* Lesson040.swift in Sources */,
				144C52962BF938EE006C14EC /* Lesson060.swift in Sources */,
				144C52892BF90B0D006C14EC /* Lesson010.swift in Sources */,
				144C52982BF938F8006C14EC /* Lesson070.swift in Sources */,
				143A758C2BFD229700AB8029 /* UICompImage.swift in Sources */,
				14B5E5242BF69857006861A7 /* LessonView.swift in Sources */,
				14D085532B073AA70037079F /* SeriesChartView.swift in Sources */,
				144C528C2BF90DE5006C14EC /* Lesson020.swift in Sources */,
				14AD6F0B2B03ED52005DE26E /* LearnView.swift in Sources */,
				14AD6F132B03F84F005DE26E /* WeighWeek.swift in Sources */,
				144C52942BF938E5006C14EC /* Lesson050.swift in Sources */,
				14AD6F102B03F82C005DE26E /* WeighIn.swift in Sources */,
				14A80C4D2B055683009F46C9 /* WeightWeekViewChartView.swift in Sources */,
				143A75922BFE843700AB8029 /* UICompNextLesson.swift in Sources */,
				143A75902BFD2E2F00AB8029 /* UICompSegPicker.swift in Sources */,
				14B5E5222BF695A4006861A7 /* Lesson.swift in Sources */,
				144C52872BF904EF006C14EC /* AppController.swift in Sources */,
				144C52902BF92D96006C14EC /* LessonItem.swift in Sources */,
				14AD6F0D2B03ED67005DE26E /* WeighInsView.swift in Sources */,
				143A758A2BFD205A00AB8029 /* UICompText.swift in Sources */,
				14D085512B0737020037079F /* Data.swift in Sources */,
				1403FB962BF54B01008E10DD /* ButtonStandard.swift in Sources */,
				14EC26BD2B0A824D00CAA9B4 /* Week4ChartView.swift in Sources */,
				14AD6EE12B03EA6D005DE26E /* ProtocolN24App.swift in Sources */,
				144C528E2BF90DF0006C14EC /* Lesson030.swift in Sources */,
				144C529A2BF93907006C14EC /* Lesson080.swift in Sources */,
				14EC26BB2B0A627F00CAA9B4 /* CircleImage.swift in Sources */,
				143A758E2BFD298500AB8029 /* UICompHeader.swift in Sources */,
			);
			runOnlyForDeploymentPostprocessing = 0;
		};
		14AD6EE92B03EA6F005DE26E /* Sources */ = {
			isa = PBXSourcesBuildPhase;
			buildActionMask = 2147483647;
			files = (
				14AD6EF22B03EA6F005DE26E /* ProtocolN24Tests.swift in Sources */,
			);
			runOnlyForDeploymentPostprocessing = 0;
		};
		14AD6EF32B03EA6F005DE26E /* Sources */ = {
			isa = PBXSourcesBuildPhase;
			buildActionMask = 2147483647;
			files = (
				14AD6EFC2B03EA6F005DE26E /* ProtocolN24UITests.swift in Sources */,
				14AD6EFE2B03EA6F005DE26E /* ProtocolN24UITestsLaunchTests.swift in Sources */,
			);
			runOnlyForDeploymentPostprocessing = 0;
		};
/* End PBXSourcesBuildPhase section */

/* Begin PBXTargetDependency section */
		14AD6EEF2B03EA6F005DE26E /* PBXTargetDependency */ = {
			isa = PBXTargetDependency;
			target = 14AD6EDC2B03EA6D005DE26E /* ProtocolN24 */;
			targetProxy = 14AD6EEE2B03EA6F005DE26E /* PBXContainerItemProxy */;
		};
		14AD6EF92B03EA6F005DE26E /* PBXTargetDependency */ = {
			isa = PBXTargetDependency;
			target = 14AD6EDC2B03EA6D005DE26E /* ProtocolN24 */;
			targetProxy = 14AD6EF82B03EA6F005DE26E /* PBXContainerItemProxy */;
		};
/* End PBXTargetDependency section */

/* Begin XCBuildConfiguration section */
		14AD6EFF2B03EA6F005DE26E /* Debug */ = {
			isa = XCBuildConfiguration;
			buildSettings = {
				ALWAYS_SEARCH_USER_PATHS = NO;
				ASSETCATALOG_COMPILER_GENERATE_SWIFT_ASSET_SYMBOL_EXTENSIONS = YES;
				CLANG_ANALYZER_NONNULL = YES;
				CLANG_ANALYZER_NUMBER_OBJECT_CONVERSION = YES_AGGRESSIVE;
				CLANG_CXX_LANGUAGE_STANDARD = "gnu++20";
				CLANG_ENABLE_MODULES = YES;
				CLANG_ENABLE_OBJC_ARC = YES;
				CLANG_ENABLE_OBJC_WEAK = YES;
				CLANG_WARN_BLOCK_CAPTURE_AUTORELEASING = YES;
				CLANG_WARN_BOOL_CONVERSION = YES;
				CLANG_WARN_COMMA = YES;
				CLANG_WARN_CONSTANT_CONVERSION = YES;
				CLANG_WARN_DEPRECATED_OBJC_IMPLEMENTATIONS = YES;
				CLANG_WARN_DIRECT_OBJC_ISA_USAGE = YES_ERROR;
				CLANG_WARN_DOCUMENTATION_COMMENTS = YES;
				CLANG_WARN_EMPTY_BODY = YES;
				CLANG_WARN_ENUM_CONVERSION = YES;
				CLANG_WARN_INFINITE_RECURSION = YES;
				CLANG_WARN_INT_CONVERSION = YES;
				CLANG_WARN_NON_LITERAL_NULL_CONVERSION = YES;
				CLANG_WARN_OBJC_IMPLICIT_RETAIN_SELF = YES;
				CLANG_WARN_OBJC_LITERAL_CONVERSION = YES;
				CLANG_WARN_OBJC_ROOT_CLASS = YES_ERROR;
				CLANG_WARN_QUOTED_INCLUDE_IN_FRAMEWORK_HEADER = YES;
				CLANG_WARN_RANGE_LOOP_ANALYSIS = YES;
				CLANG_WARN_STRICT_PROTOTYPES = YES;
				CLANG_WARN_SUSPICIOUS_MOVE = YES;
				CLANG_WARN_UNGUARDED_AVAILABILITY = YES_AGGRESSIVE;
				CLANG_WARN_UNREACHABLE_CODE = YES;
				CLANG_WARN__DUPLICATE_METHOD_MATCH = YES;
				COPY_PHASE_STRIP = NO;
				DEBUG_INFORMATION_FORMAT = dwarf;
				ENABLE_STRICT_OBJC_MSGSEND = YES;
				ENABLE_TESTABILITY = YES;
				ENABLE_USER_SCRIPT_SANDBOXING = YES;
				GCC_C_LANGUAGE_STANDARD = gnu17;
				GCC_DYNAMIC_NO_PIC = NO;
				GCC_NO_COMMON_BLOCKS = YES;
				GCC_OPTIMIZATION_LEVEL = 0;
				GCC_PREPROCESSOR_DEFINITIONS = (
					"DEBUG=1",
					"$(inherited)",
				);
				GCC_WARN_64_TO_32_BIT_CONVERSION = YES;
				GCC_WARN_ABOUT_RETURN_TYPE = YES_ERROR;
				GCC_WARN_UNDECLARED_SELECTOR = YES;
				GCC_WARN_UNINITIALIZED_AUTOS = YES_AGGRESSIVE;
				GCC_WARN_UNUSED_FUNCTION = YES;
				GCC_WARN_UNUSED_VARIABLE = YES;
				IPHONEOS_DEPLOYMENT_TARGET = 17.0;
				LOCALIZATION_PREFERS_STRING_CATALOGS = YES;
				MTL_ENABLE_DEBUG_INFO = INCLUDE_SOURCE;
				MTL_FAST_MATH = YES;
				ONLY_ACTIVE_ARCH = YES;
				SDKROOT = iphoneos;
				SWIFT_ACTIVE_COMPILATION_CONDITIONS = "DEBUG $(inherited)";
				SWIFT_OPTIMIZATION_LEVEL = "-Onone";
			};
			name = Debug;
		};
		14AD6F002B03EA6F005DE26E /* Release */ = {
			isa = XCBuildConfiguration;
			buildSettings = {
				ALWAYS_SEARCH_USER_PATHS = NO;
				ASSETCATALOG_COMPILER_GENERATE_SWIFT_ASSET_SYMBOL_EXTENSIONS = YES;
				CLANG_ANALYZER_NONNULL = YES;
				CLANG_ANALYZER_NUMBER_OBJECT_CONVERSION = YES_AGGRESSIVE;
				CLANG_CXX_LANGUAGE_STANDARD = "gnu++20";
				CLANG_ENABLE_MODULES = YES;
				CLANG_ENABLE_OBJC_ARC = YES;
				CLANG_ENABLE_OBJC_WEAK = YES;
				CLANG_WARN_BLOCK_CAPTURE_AUTORELEASING = YES;
				CLANG_WARN_BOOL_CONVERSION = YES;
				CLANG_WARN_COMMA = YES;
				CLANG_WARN_CONSTANT_CONVERSION = YES;
				CLANG_WARN_DEPRECATED_OBJC_IMPLEMENTATIONS = YES;
				CLANG_WARN_DIRECT_OBJC_ISA_USAGE = YES_ERROR;
				CLANG_WARN_DOCUMENTATION_COMMENTS = YES;
				CLANG_WARN_EMPTY_BODY = YES;
				CLANG_WARN_ENUM_CONVERSION = YES;
				CLANG_WARN_INFINITE_RECURSION = YES;
				CLANG_WARN_INT_CONVERSION = YES;
				CLANG_WARN_NON_LITERAL_NULL_CONVERSION = YES;
				CLANG_WARN_OBJC_IMPLICIT_RETAIN_SELF = YES;
				CLANG_WARN_OBJC_LITERAL_CONVERSION = YES;
				CLANG_WARN_OBJC_ROOT_CLASS = YES_ERROR;
				CLANG_WARN_QUOTED_INCLUDE_IN_FRAMEWORK_HEADER = YES;
				CLANG_WARN_RANGE_LOOP_ANALYSIS = YES;
				CLANG_WARN_STRICT_PROTOTYPES = YES;
				CLANG_WARN_SUSPICIOUS_MOVE = YES;
				CLANG_WARN_UNGUARDED_AVAILABILITY = YES_AGGRESSIVE;
				CLANG_WARN_UNREACHABLE_CODE = YES;
				CLANG_WARN__DUPLICATE_METHOD_MATCH = YES;
				COPY_PHASE_STRIP = NO;
				DEBUG_INFORMATION_FORMAT = "dwarf-with-dsym";
				ENABLE_NS_ASSERTIONS = NO;
				ENABLE_STRICT_OBJC_MSGSEND = YES;
				ENABLE_USER_SCRIPT_SANDBOXING = YES;
				GCC_C_LANGUAGE_STANDARD = gnu17;
				GCC_NO_COMMON_BLOCKS = YES;
				GCC_WARN_64_TO_32_BIT_CONVERSION = YES;
				GCC_WARN_ABOUT_RETURN_TYPE = YES_ERROR;
				GCC_WARN_UNDECLARED_SELECTOR = YES;
				GCC_WARN_UNINITIALIZED_AUTOS = YES_AGGRESSIVE;
				GCC_WARN_UNUSED_FUNCTION = YES;
				GCC_WARN_UNUSED_VARIABLE = YES;
				IPHONEOS_DEPLOYMENT_TARGET = 17.0;
				LOCALIZATION_PREFERS_STRING_CATALOGS = YES;
				MTL_ENABLE_DEBUG_INFO = NO;
				MTL_FAST_MATH = YES;
				SDKROOT = iphoneos;
				SWIFT_COMPILATION_MODE = wholemodule;
				VALIDATE_PRODUCT = YES;
			};
			name = Release;
		};
		14AD6F022B03EA6F005DE26E /* Debug */ = {
			isa = XCBuildConfiguration;
			buildSettings = {
				ASSETCATALOG_COMPILER_APPICON_NAME = AppIcon;
				ASSETCATALOG_COMPILER_GLOBAL_ACCENT_COLOR_NAME = AccentColor;
				CODE_SIGN_STYLE = Automatic;
				CURRENT_PROJECT_VERSION = 1;
				DEVELOPMENT_ASSET_PATHS = "\"ProtocolN24/Preview Content\"";
				DEVELOPMENT_TEAM = SWP7JZ8MD8;
				ENABLE_PREVIEWS = YES;
				GENERATE_INFOPLIST_FILE = YES;
				INFOPLIST_KEY_UIApplicationSceneManifest_Generation = YES;
				INFOPLIST_KEY_UIApplicationSupportsIndirectInputEvents = YES;
				INFOPLIST_KEY_UILaunchScreen_Generation = YES;
				INFOPLIST_KEY_UISupportedInterfaceOrientations_iPad = "UIInterfaceOrientationPortrait UIInterfaceOrientationPortraitUpsideDown UIInterfaceOrientationLandscapeLeft UIInterfaceOrientationLandscapeRight";
				INFOPLIST_KEY_UISupportedInterfaceOrientations_iPhone = "UIInterfaceOrientationPortrait UIInterfaceOrientationLandscapeLeft UIInterfaceOrientationLandscapeRight";
				LD_RUNPATH_SEARCH_PATHS = (
					"$(inherited)",
					"@executable_path/Frameworks",
				);
				MARKETING_VERSION = 1.0;
				PRODUCT_BUNDLE_IDENTIFIER = com.PhysicalViolence.ProtocolN24;
				PRODUCT_NAME = "$(TARGET_NAME)";
				SUPPORTED_PLATFORMS = "iphoneos iphonesimulator";
				SUPPORTS_MACCATALYST = NO;
				SUPPORTS_MAC_DESIGNED_FOR_IPHONE_IPAD = NO;
				SUPPORTS_XR_DESIGNED_FOR_IPHONE_IPAD = NO;
				SWIFT_EMIT_LOC_STRINGS = YES;
				SWIFT_VERSION = 5.0;
				TARGETED_DEVICE_FAMILY = "1,2";
			};
			name = Debug;
		};
		14AD6F032B03EA6F005DE26E /* Release */ = {
			isa = XCBuildConfiguration;
			buildSettings = {
				ASSETCATALOG_COMPILER_APPICON_NAME = AppIcon;
				ASSETCATALOG_COMPILER_GLOBAL_ACCENT_COLOR_NAME = AccentColor;
				CODE_SIGN_STYLE = Automatic;
				CURRENT_PROJECT_VERSION = 1;
				DEVELOPMENT_ASSET_PATHS = "\"ProtocolN24/Preview Content\"";
				DEVELOPMENT_TEAM = SWP7JZ8MD8;
				ENABLE_PREVIEWS = YES;
				GENERATE_INFOPLIST_FILE = YES;
				INFOPLIST_KEY_UIApplicationSceneManifest_Generation = YES;
				INFOPLIST_KEY_UIApplicationSupportsIndirectInputEvents = YES;
				INFOPLIST_KEY_UILaunchScreen_Generation = YES;
				INFOPLIST_KEY_UISupportedInterfaceOrientations_iPad = "UIInterfaceOrientationPortrait UIInterfaceOrientationPortraitUpsideDown UIInterfaceOrientationLandscapeLeft UIInterfaceOrientationLandscapeRight";
				INFOPLIST_KEY_UISupportedInterfaceOrientations_iPhone = "UIInterfaceOrientationPortrait UIInterfaceOrientationLandscapeLeft UIInterfaceOrientationLandscapeRight";
				LD_RUNPATH_SEARCH_PATHS = (
					"$(inherited)",
					"@executable_path/Frameworks",
				);
				MARKETING_VERSION = 1.0;
				PRODUCT_BUNDLE_IDENTIFIER = com.PhysicalViolence.ProtocolN24;
				PRODUCT_NAME = "$(TARGET_NAME)";
				SUPPORTED_PLATFORMS = "iphoneos iphonesimulator";
				SUPPORTS_MACCATALYST = NO;
				SUPPORTS_MAC_DESIGNED_FOR_IPHONE_IPAD = NO;
				SUPPORTS_XR_DESIGNED_FOR_IPHONE_IPAD = NO;
				SWIFT_EMIT_LOC_STRINGS = YES;
				SWIFT_VERSION = 5.0;
				TARGETED_DEVICE_FAMILY = "1,2";
			};
			name = Release;
		};
		14AD6F052B03EA6F005DE26E /* Debug */ = {
			isa = XCBuildConfiguration;
			buildSettings = {
				ALWAYS_EMBED_SWIFT_STANDARD_LIBRARIES = YES;
				BUNDLE_LOADER = "$(TEST_HOST)";
				CODE_SIGN_STYLE = Automatic;
				CURRENT_PROJECT_VERSION = 1;
				DEVELOPMENT_TEAM = SWP7JZ8MD8;
				GENERATE_INFOPLIST_FILE = YES;
				IPHONEOS_DEPLOYMENT_TARGET = 17.0;
				MARKETING_VERSION = 1.0;
				PRODUCT_BUNDLE_IDENTIFIER = com.PhysicalViolence.ProtocolN24Tests;
				PRODUCT_NAME = "$(TARGET_NAME)";
				SWIFT_EMIT_LOC_STRINGS = NO;
				SWIFT_VERSION = 5.0;
				TARGETED_DEVICE_FAMILY = "1,2";
				TEST_HOST = "$(BUILT_PRODUCTS_DIR)/ProtocolN24.app/$(BUNDLE_EXECUTABLE_FOLDER_PATH)/ProtocolN24";
			};
			name = Debug;
		};
		14AD6F062B03EA6F005DE26E /* Release */ = {
			isa = XCBuildConfiguration;
			buildSettings = {
				ALWAYS_EMBED_SWIFT_STANDARD_LIBRARIES = YES;
				BUNDLE_LOADER = "$(TEST_HOST)";
				CODE_SIGN_STYLE = Automatic;
				CURRENT_PROJECT_VERSION = 1;
				DEVELOPMENT_TEAM = SWP7JZ8MD8;
				GENERATE_INFOPLIST_FILE = YES;
				IPHONEOS_DEPLOYMENT_TARGET = 17.0;
				MARKETING_VERSION = 1.0;
				PRODUCT_BUNDLE_IDENTIFIER = com.PhysicalViolence.ProtocolN24Tests;
				PRODUCT_NAME = "$(TARGET_NAME)";
				SWIFT_EMIT_LOC_STRINGS = NO;
				SWIFT_VERSION = 5.0;
				TARGETED_DEVICE_FAMILY = "1,2";
				TEST_HOST = "$(BUILT_PRODUCTS_DIR)/ProtocolN24.app/$(BUNDLE_EXECUTABLE_FOLDER_PATH)/ProtocolN24";
			};
			name = Release;
		};
		14AD6F082B03EA6F005DE26E /* Debug */ = {
			isa = XCBuildConfiguration;
			buildSettings = {
				ALWAYS_EMBED_SWIFT_STANDARD_LIBRARIES = YES;
				CODE_SIGN_STYLE = Automatic;
				CURRENT_PROJECT_VERSION = 1;
				DEVELOPMENT_TEAM = SWP7JZ8MD8;
				GENERATE_INFOPLIST_FILE = YES;
				MARKETING_VERSION = 1.0;
				PRODUCT_BUNDLE_IDENTIFIER = com.PhysicalViolence.ProtocolN24UITests;
				PRODUCT_NAME = "$(TARGET_NAME)";
				SWIFT_EMIT_LOC_STRINGS = NO;
				SWIFT_VERSION = 5.0;
				TARGETED_DEVICE_FAMILY = "1,2";
				TEST_TARGET_NAME = ProtocolN24;
			};
			name = Debug;
		};
		14AD6F092B03EA6F005DE26E /* Release */ = {
			isa = XCBuildConfiguration;
			buildSettings = {
				ALWAYS_EMBED_SWIFT_STANDARD_LIBRARIES = YES;
				CODE_SIGN_STYLE = Automatic;
				CURRENT_PROJECT_VERSION = 1;
				DEVELOPMENT_TEAM = SWP7JZ8MD8;
				GENERATE_INFOPLIST_FILE = YES;
				MARKETING_VERSION = 1.0;
				PRODUCT_BUNDLE_IDENTIFIER = com.PhysicalViolence.ProtocolN24UITests;
				PRODUCT_NAME = "$(TARGET_NAME)";
				SWIFT_EMIT_LOC_STRINGS = NO;
				SWIFT_VERSION = 5.0;
				TARGETED_DEVICE_FAMILY = "1,2";
				TEST_TARGET_NAME = ProtocolN24;
			};
			name = Release;
		};
/* End XCBuildConfiguration section */

/* Begin XCConfigurationList section */
		14AD6ED82B03EA6D005DE26E /* Build configuration list for PBXProject "ProtocolN24" */ = {
			isa = XCConfigurationList;
			buildConfigurations = (
				14AD6EFF2B03EA6F005DE26E /* Debug */,
				14AD6F002B03EA6F005DE26E /* Release */,
			);
			defaultConfigurationIsVisible = 0;
			defaultConfigurationName = Release;
		};
		14AD6F012B03EA6F005DE26E /* Build configuration list for PBXNativeTarget "ProtocolN24" */ = {
			isa = XCConfigurationList;
			buildConfigurations = (
				14AD6F022B03EA6F005DE26E /* Debug */,
				14AD6F032B03EA6F005DE26E /* Release */,
			);
			defaultConfigurationIsVisible = 0;
			defaultConfigurationName = Release;
		};
		14AD6F042B03EA6F005DE26E /* Build configuration list for PBXNativeTarget "ProtocolN24Tests" */ = {
			isa = XCConfigurationList;
			buildConfigurations = (
				14AD6F052B03EA6F005DE26E /* Debug */,
				14AD6F062B03EA6F005DE26E /* Release */,
			);
			defaultConfigurationIsVisible = 0;
			defaultConfigurationName = Release;
		};
		14AD6F072B03EA6F005DE26E /* Build configuration list for PBXNativeTarget "ProtocolN24UITests" */ = {
			isa = XCConfigurationList;
			buildConfigurations = (
				14AD6F082B03EA6F005DE26E /* Debug */,
				14AD6F092B03EA6F005DE26E /* Release */,
			);
			defaultConfigurationIsVisible = 0;
			defaultConfigurationName = Release;
		};
/* End XCConfigurationList section */
	};
	rootObject = 14AD6ED52B03EA6D005DE26E /* Project object */;
}
